
Microsoft Visual Studio Solution File, Format Version 12.00
# Visual Studio Version 17
VisualStudioVersion = 17.12.35514.174 d17.12
MinimumVisualStudioVersion = 10.0.40219.1
Project("{FAE04EC0-301F-11D3-BF4B-00C04F79EFBC}") = "STDISCM PS 2 - Looking for Group Synchronization", "STDISCM PS 2 - Looking for Group Synchronization\STDISCM PS 2 - Looking for Group Synchronization.csproj", "{492650BE-9DD8-4663-926B-89DF11CBF587}"
EndProject
Global
	GlobalSection(SolutionConfigurationPlatforms) = preSolution
		Debug|Any CPU = Debug|Any CPU
		Release|Any CPU = Release|Any CPU
	EndGlobalSection
	GlobalSection(ProjectConfigurationPlatforms) = postSolution
		{492650BE-9DD8-4663-926B-89DF11CBF587}.Debug|Any CPU.ActiveCfg = Debug|Any CPU
		{492650BE-9DD8-4663-926B-89DF11CBF587}.Debug|Any CPU.Build.0 = Debug|Any CPU
		{492650BE-9DD8-4663-926B-89DF11CBF587}.Release|Any CPU.ActiveCfg = Release|Any CPU
		{492650BE-9DD8-4663-926B-89DF11CBF587}.Release|Any CPU.Build.0 = Release|Any CPU
	EndGlobalSection
	GlobalSection(SolutionProperties) = preSolution
		HideSolutionNode = FALSE
	EndGlobalSection
EndGlobal
